// !$*UTF8*$!
{
	archiveVersion = 1;
	classes = {
	};
	objectVersion = 46;
	objects = {

/* Begin PBXBuildFile section */
		A7A4917518BB7D5D00871460 /* Foundation.framework in Frameworks */ = {isa = PBXBuildFile; fileRef = A7A4917418BB7D5D00871460 /* Foundation.framework */; };
		A7A4917718BB7D5D00871460 /* CoreGraphics.framework in Frameworks */ = {isa = PBXBuildFile; fileRef = A7A4917618BB7D5D00871460 /* CoreGraphics.framework */; };
		A7A4917918BB7D5D00871460 /* UIKit.framework in Frameworks */ = {isa = PBXBuildFile; fileRef = A7A4917818BB7D5D00871460 /* UIKit.framework */; };
		A7A4917F18BB7D5D00871460 /* InfoPlist.strings in Resources */ = {isa = PBXBuildFile; fileRef = A7A4917D18BB7D5D00871460 /* InfoPlist.strings */; };
		A7A4918118BB7D5D00871460 /* main.m in Sources */ = {isa = PBXBuildFile; fileRef = A7A4918018BB7D5D00871460 /* main.m */; };
		A7A4918518BB7D5D00871460 /* mjkAppDelegate.m in Sources */ = {isa = PBXBuildFile; fileRef = A7A4918418BB7D5D00871460 /* mjkAppDelegate.m */; };
		A7A4918818BB7D5D00871460 /* Main.storyboard in Resources */ = {isa = PBXBuildFile; fileRef = A7A4918618BB7D5D00871460 /* Main.storyboard */; };
		A7A4918B18BB7D5D00871460 /* mjkFirstViewController.m in Sources */ = {isa = PBXBuildFile; fileRef = A7A4918A18BB7D5D00871460 /* mjkFirstViewController.m */; };
		A7A4918E18BB7D5D00871460 /* mjkSecondViewController.m in Sources */ = {isa = PBXBuildFile; fileRef = A7A4918D18BB7D5D00871460 /* mjkSecondViewController.m */; };
		A7A4919018BB7D5D00871460 /* Images.xcassets in Resources */ = {isa = PBXBuildFile; fileRef = A7A4918F18BB7D5D00871460 /* Images.xcassets */; };
		A7A4919718BB7D5D00871460 /* XCTest.framework in Frameworks */ = {isa = PBXBuildFile; fileRef = A7A4919618BB7D5D00871460 /* XCTest.framework */; };
		A7A4919818BB7D5D00871460 /* Foundation.framework in Frameworks */ = {isa = PBXBuildFile; fileRef = A7A4917418BB7D5D00871460 /* Foundation.framework */; };
		A7A4919918BB7D5D00871460 /* UIKit.framework in Frameworks */ = {isa = PBXBuildFile; fileRef = A7A4917818BB7D5D00871460 /* UIKit.framework */; };
		A7A491A118BB7D5D00871460 /* InfoPlist.strings in Resources */ = {isa = PBXBuildFile; fileRef = A7A4919F18BB7D5D00871460 /* InfoPlist.strings */; };
		A7A491A318BB7D5D00871460 /* WD1Tests.m in Sources */ = {isa = PBXBuildFile; fileRef = A7A491A218BB7D5D00871460 /* WD1Tests.m */; };
/* End PBXBuildFile section */

/* Begin PBXContainerItemProxy section */
		A7A4919A18BB7D5D00871460 /* PBXContainerItemProxy */ = {
			isa = PBXContainerItemProxy;
			containerPortal = A7A4916918BB7D5D00871460 /* Project object */;
			proxyType = 1;
			remoteGlobalIDString = A7A4917018BB7D5D00871460;
			remoteInfo = WD1;
		};
/* End PBXContainerItemProxy section */

/* Begin PBXFileReference section */
		A7A4917118BB7D5D00871460 /* WD1.app */ = {isa = PBXFileReference; explicitFileType = wrapper.application; includeInIndex = 0; path = WD1.app; sourceTree = BUILT_PRODUCTS_DIR; };
		A7A4917418BB7D5D00871460 /* Foundation.framework */ = {isa = PBXFileReference; lastKnownFileType = wrapper.framework; name = Foundation.framework; path = System/Library/Frameworks/Foundation.framework; sourceTree = SDKROOT; };
		A7A4917618BB7D5D00871460 /* CoreGraphics.framework */ = {isa = PBXFileReference; lastKnownFileType = wrapper.framework; name = CoreGraphics.framework; path = System/Library/Frameworks/CoreGraphics.framework; sourceTree = SDKROOT; };
		A7A4917818BB7D5D00871460 /* UIKit.framework */ = {isa = PBXFileReference; lastKnownFileType = wrapper.framework; name = UIKit.framework; path = System/Library/Frameworks/UIKit.framework; sourceTree = SDKROOT; };
		A7A4917C18BB7D5D00871460 /* WD1-Info.plist */ = {isa = PBXFileReference; lastKnownFileType = text.plist.xml; path = "WD1-Info.plist"; sourceTree = "<group>"; };
		A7A4917E18BB7D5D00871460 /* en */ = {isa = PBXFileReference; lastKnownFileType = text.plist.strings; name = en; path = en.lproj/InfoPlist.strings; sourceTree = "<group>"; };
		A7A4918018BB7D5D00871460 /* main.m */ = {isa = PBXFileReference; lastKnownFileType = sourcecode.c.objc; path = main.m; sourceTree = "<group>"; };
		A7A4918218BB7D5D00871460 /* WD1-Prefix.pch */ = {isa = PBXFileReference; lastKnownFileType = sourcecode.c.h; path = "WD1-Prefix.pch"; sourceTree = "<group>"; };
		A7A4918318BB7D5D00871460 /* mjkAppDelegate.h */ = {isa = PBXFileReference; lastKnownFileType = sourcecode.c.h; path = mjkAppDelegate.h; sourceTree = "<group>"; };
		A7A4918418BB7D5D00871460 /* mjkAppDelegate.m */ = {isa = PBXFileReference; lastKnownFileType = sourcecode.c.objc; path = mjkAppDelegate.m; sourceTree = "<group>"; };
		A7A4918718BB7D5D00871460 /* Base */ = {isa = PBXFileReference; lastKnownFileType = file.storyboard; name = Base; path = Base.lproj/Main.storyboard; sourceTree = "<group>"; };
		A7A4918918BB7D5D00871460 /* mjkFirstViewController.h */ = {isa = PBXFileReference; lastKnownFileType = sourcecode.c.h; path = mjkFirstViewController.h; sourceTree = "<group>"; };
		A7A4918A18BB7D5D00871460 /* mjkFirstViewController.m */ = {isa = PBXFileReference; lastKnownFileType = sourcecode.c.objc; path = mjkFirstViewController.m; sourceTree = "<group>"; };
		A7A4918C18BB7D5D00871460 /* mjkSecondViewController.h */ = {isa = PBXFileReference; lastKnownFileType = sourcecode.c.h; path = mjkSecondViewController.h; sourceTree = "<group>"; };
		A7A4918D18BB7D5D00871460 /* mjkSecondViewController.m */ = {isa = PBXFileReference; lastKnownFileType = sourcecode.c.objc; path = mjkSecondViewController.m; sourceTree = "<group>"; };
		A7A4918F18BB7D5D00871460 /* Images.xcassets */ = {isa = PBXFileReference; lastKnownFileType = folder.assetcatalog; path = Images.xcassets; sourceTree = "<group>"; };
		A7A4919518BB7D5D00871460 /* WD1Tests.xctest */ = {isa = PBXFileReference; explicitFileType = wrapper.cfbundle; includeInIndex = 0; path = WD1Tests.xctest; sourceTree = BUILT_PRODUCTS_DIR; };
		A7A4919618BB7D5D00871460 /* XCTest.framework */ = {isa = PBXFileReference; lastKnownFileType = wrapper.framework; name = XCTest.framework; path = Library/Frameworks/XCTest.framework; sourceTree = DEVELOPER_DIR; };
		A7A4919E18BB7D5D00871460 /* WD1Tests-Info.plist */ = {isa = PBXFileReference; lastKnownFileType = text.plist.xml; path = "WD1Tests-Info.plist"; sourceTree = "<group>"; };
		A7A491A018BB7D5D00871460 /* en */ = {isa = PBXFileReference; lastKnownFileType = text.plist.strings; name = en; path = en.lproj/InfoPlist.strings; sourceTree = "<group>"; };
		A7A491A218BB7D5D00871460 /* WD1Tests.m */ = {isa = PBXFileReference; lastKnownFileType = sourcecode.c.objc; path = WD1Tests.m; sourceTree = "<group>"; };
/* End PBXFileReference section */

/* Begin PBXFrameworksBuildPhase section */
		A7A4916E18BB7D5D00871460 /* Frameworks */ = {
			isa = PBXFrameworksBuildPhase;
			buildActionMask = 2147483647;
			files = (
				A7A4917718BB7D5D00871460 /* CoreGraphics.framework in Frameworks */,
				A7A4917918BB7D5D00871460 /* UIKit.framework in Frameworks */,
				A7A4917518BB7D5D00871460 /* Foundation.framework in Frameworks */,
			);
			runOnlyForDeploymentPostprocessing = 0;
		};
		A7A4919218BB7D5D00871460 /* Frameworks */ = {
			isa = PBXFrameworksBuildPhase;
			buildActionMask = 2147483647;
			files = (
				A7A4919718BB7D5D00871460 /* XCTest.framework in Frameworks */,
				A7A4919918BB7D5D00871460 /* UIKit.framework in Frameworks */,
				A7A4919818BB7D5D00871460 /* Foundation.framework in Frameworks */,
			);
			runOnlyForDeploymentPostprocessing = 0;
		};
/* End PBXFrameworksBuildPhase section */

/* Begin PBXGroup section */
		A7A4916818BB7D5D00871460 = {
			isa = PBXGroup;
			children = (
				A7A4917A18BB7D5D00871460 /* WD1 */,
				A7A4919C18BB7D5D00871460 /* WD1Tests */,
				A7A4917318BB7D5D00871460 /* Frameworks */,
				A7A4917218BB7D5D00871460 /* Products */,
			);
			sourceTree = "<group>";
		};
		A7A4917218BB7D5D00871460 /* Products */ = {
			isa = PBXGroup;
			children = (
				A7A4917118BB7D5D00871460 /* WD1.app */,
				A7A4919518BB7D5D00871460 /* WD1Tests.xctest */,
			);
			name = Products;
			sourceTree = "<group>";
		};
		A7A4917318BB7D5D00871460 /* Frameworks */ = {
			isa = PBXGroup;
			children = (
				A7A4917418BB7D5D00871460 /* Foundation.framework */,
				A7A4917618BB7D5D00871460 /* CoreGraphics.framework */,
				A7A4917818BB7D5D00871460 /* UIKit.framework */,
				A7A4919618BB7D5D00871460 /* XCTest.framework */,
			);
			name = Frameworks;
			sourceTree = "<group>";
		};
		A7A4917A18BB7D5D00871460 /* WD1 */ = {
			isa = PBXGroup;
			children = (
				A7A4918318BB7D5D00871460 /* mjkAppDelegate.h */,
				A7A4918418BB7D5D00871460 /* mjkAppDelegate.m */,
				A7A4918618BB7D5D00871460 /* Main.storyboard */,
				A7A4918918BB7D5D00871460 /* mjkFirstViewController.h */,
				A7A4918A18BB7D5D00871460 /* mjkFirstViewController.m */,
				A7A4918C18BB7D5D00871460 /* mjkSecondViewController.h */,
				A7A4918D18BB7D5D00871460 /* mjkSecondViewController.m */,
				A7A4918F18BB7D5D00871460 /* Images.xcassets */,
				A7A4917B18BB7D5D00871460 /* Supporting Files */,
			);
			path = WD1;
			sourceTree = "<group>";
		};
		A7A4917B18BB7D5D00871460 /* Supporting Files */ = {
			isa = PBXGroup;
			children = (
				A7A4917C18BB7D5D00871460 /* WD1-Info.plist */,
				A7A4917D18BB7D5D00871460 /* InfoPlist.strings */,
				A7A4918018BB7D5D00871460 /* main.m */,
				A7A4918218BB7D5D00871460 /* WD1-Prefix.pch */,
			);
			name = "Supporting Files";
			sourceTree = "<group>";
		};
		A7A4919C18BB7D5D00871460 /* WD1Tests */ = {
			isa = PBXGroup;
			children = (
				A7A491A218BB7D5D00871460 /* WD1Tests.m */,
				A7A4919D18BB7D5D00871460 /* Supporting Files */,
			);
			path = WD1Tests;
			sourceTree = "<group>";
		};
		A7A4919D18BB7D5D00871460 /* Supporting Files */ = {
			isa = PBXGroup;
			children = (
				A7A4919E18BB7D5D00871460 /* WD1Tests-Info.plist */,
				A7A4919F18BB7D5D00871460 /* InfoPlist.strings */,
			);
			name = "Supporting Files";
			sourceTree = "<group>";
		};
/* End PBXGroup section */

/* Begin PBXNativeTarget section */
		A7A4917018BB7D5D00871460 /* WD1 */ = {
			isa = PBXNativeTarget;
			buildConfigurationList = A7A491A618BB7D5D00871460 /* Build configuration list for PBXNativeTarget "WD1" */;
			buildPhases = (
				A7A4916D18BB7D5D00871460 /* Sources */,
				A7A4916E18BB7D5D00871460 /* Frameworks */,
				A7A4916F18BB7D5D00871460 /* Resources */,
			);
			buildRules = (
			);
			dependencies = (
			);
			name = WD1;
			productName = WD1;
			productReference = A7A4917118BB7D5D00871460 /* WD1.app */;
			productType = "com.apple.product-type.application";
		};
		A7A4919418BB7D5D00871460 /* WD1Tests */ = {
			isa = PBXNativeTarget;
			buildConfigurationList = A7A491A918BB7D5D00871460 /* Build configuration list for PBXNativeTarget "WD1Tests" */;
			buildPhases = (
				A7A4919118BB7D5D00871460 /* Sources */,
				A7A4919218BB7D5D00871460 /* Frameworks */,
				A7A4919318BB7D5D00871460 /* Resources */,
			);
			buildRules = (
			);
			dependencies = (
				A7A4919B18BB7D5D00871460 /* PBXTargetDependency */,
			);
			name = WD1Tests;
			productName = WD1Tests;
			productReference = A7A4919518BB7D5D00871460 /* WD1Tests.xctest */;
			productType = "com.apple.product-type.bundle.unit-test";
		};
/* End PBXNativeTarget section */

/* Begin PBXProject section */
		A7A4916918BB7D5D00871460 /* Project object */ = {
			isa = PBXProject;
			attributes = {
				CLASSPREFIX = mjk;
				LastUpgradeCheck = 0510;
				ORGANIZATIONNAME = "matthew kelly";
				TargetAttributes = {
					A7A4919418BB7D5D00871460 = {
						TestTargetID = A7A4917018BB7D5D00871460;
					};
				};
			};
			buildConfigurationList = A7A4916C18BB7D5D00871460 /* Build configuration list for PBXProject "WD1" */;
			compatibilityVersion = "Xcode 3.2";
			developmentRegion = English;
			hasScannedForEncodings = 0;
			knownRegions = (
				en,
				Base,
			);
			mainGroup = A7A4916818BB7D5D00871460;
			productRefGroup = A7A4917218BB7D5D00871460 /* Products */;
			projectDirPath = "";
			projectRoot = "";
			targets = (
				A7A4917018BB7D5D00871460 /* WD1 */,
				A7A4919418BB7D5D00871460 /* WD1Tests */,
			);
		};
/* End PBXProject section */

/* Begin PBXResourcesBuildPhase section */
		A7A4916F18BB7D5D00871460 /* Resources */ = {
			isa = PBXResourcesBuildPhase;
			buildActionMask = 2147483647;
			files = (
				A7A4919018BB7D5D00871460 /* Images.xcassets in Resources */,
				A7A4917F18BB7D5D00871460 /* InfoPlist.strings in Resources */,
				A7A4918818BB7D5D00871460 /* Main.storyboard in Resources */,
			);
			runOnlyForDeploymentPostprocessing = 0;
		};
		A7A4919318BB7D5D00871460 /* Resources */ = {
			isa = PBXResourcesBuildPhase;
			buildActionMask = 2147483647;
			files = (
				A7A491A118BB7D5D00871460 /* InfoPlist.strings in Resources */,
			);
			runOnlyForDeploymentPostprocessing = 0;
		};
/* End PBXResourcesBuildPhase section */

/* Begin PBXSourcesBuildPhase section */
		A7A4916D18BB7D5D00871460 /* Sources */ = {
			isa = PBXSourcesBuildPhase;
			buildActionMask = 2147483647;
			files = (
				A7A4918B18BB7D5D00871460 /* mjkFirstViewController.m in Sources */,
				A7A4918E18BB7D5D00871460 /* mjkSecondViewController.m in Sources */,
				A7A4918118BB7D5D00871460 /* main.m in Sources */,
				A7A4918518BB7D5D00871460 /* mjkAppDelegate.m in Sources */,
			);
			runOnlyForDeploymentPostprocessing = 0;
		};
		A7A4919118BB7D5D00871460 /* Sources */ = {
			isa = PBXSourcesBuildPhase;
			buildActionMask = 2147483647;
			files = (
				A7A491A318BB7D5D00871460 /* WD1Tests.m in Sources */,
			);
			runOnlyForDeploymentPostprocessing = 0;
		};
/* End PBXSourcesBuildPhase section */

/* Begin PBXTargetDependency section */
		A7A4919B18BB7D5D00871460 /* PBXTargetDependency */ = {
			isa = PBXTargetDependency;
			target = A7A4917018BB7D5D00871460 /* WD1 */;
			targetProxy = A7A4919A18BB7D5D00871460 /* PBXContainerItemProxy */;
		};
/* End PBXTargetDependency section */

/* Begin PBXVariantGroup section */
		A7A4917D18BB7D5D00871460 /* InfoPlist.strings */ = {
			isa = PBXVariantGroup;
			children = (
				A7A4917E18BB7D5D00871460 /* en */,
			);
			name = InfoPlist.strings;
			sourceTree = "<group>";
		};
		A7A4918618BB7D5D00871460 /* Main.storyboard */ = {
			isa = PBXVariantGroup;
			children = (
				A7A4918718BB7D5D00871460 /* Base */,
			);
			name = Main.storyboard;
			sourceTree = "<group>";
		};
		A7A4919F18BB7D5D00871460 /* InfoPlist.strings */ = {
			isa = PBXVariantGroup;
			children = (
				A7A491A018BB7D5D00871460 /* en */,
			);
			name = InfoPlist.strings;
			sourceTree = "<group>";
		};
/* End PBXVariantGroup section */

/* Begin XCBuildConfiguration section */
		A7A491A418BB7D5D00871460 /* Debug */ = {
			isa = XCBuildConfiguration;
			buildSettings = {
				ALWAYS_SEARCH_USER_PATHS = NO;
				CLANG_CXX_LANGUAGE_STANDARD = "gnu++0x";
				CLANG_CXX_LIBRARY = "libc++";
				CLANG_ENABLE_MODULES = YES;
				CLANG_ENABLE_OBJC_ARC = YES;
				CLANG_WARN_BOOL_CONVERSION = YES;
				CLANG_WARN_CONSTANT_CONVERSION = YES;
				CLANG_WARN_DIRECT_OBJC_ISA_USAGE = YES_ERROR;
				CLANG_WARN_EMPTY_BODY = YES;
				CLANG_WARN_ENUM_CONVERSION = YES;
				CLANG_WARN_INT_CONVERSION = YES;
				CLANG_WARN_OBJC_ROOT_CLASS = YES_ERROR;
				CLANG_WARN__DUPLICATE_METHOD_MATCH = YES;
				"CODE_SIGN_IDENTITY[sdk=iphoneos*]" = "iPhone Developer";
				COPY_PHASE_STRIP = NO;
				GCC_C_LANGUAGE_STANDARD = gnu99;
				GCC_DYNAMIC_NO_PIC = NO;
				GCC_OPTIMIZATION_LEVEL = 0;
				GCC_PREPROCESSOR_DEFINITIONS = (
					"DEBUG=1",
					"$(inherited)",
				);
				GCC_SYMBOLS_PRIVATE_EXTERN = NO;
				GCC_WARN_64_TO_32_BIT_CONVERSION = YES;
				GCC_WARN_ABOUT_RETURN_TYPE = YES_ERROR;
				GCC_WARN_UNDECLARED_SELECTOR = YES;
				GCC_WARN_UNINITIALIZED_AUTOS = YES_AGGRESSIVE;
				GCC_WARN_UNUSED_FUNCTION = YES;
				GCC_WARN_UNUSED_VARIABLE = YES;
				IPHONEOS_DEPLOYMENT_TARGET = 7.1;
				ONLY_ACTIVE_ARCH = YES;
				SDKROOT = iphoneos;
			};
			name = Debug;
		};
		A7A491A518BB7D5D00871460 /* Release */ = {
			isa = XCBuildConfiguration;
			buildSettings = {
				ALWAYS_SEARCH_USER_PATHS = NO;
				CLANG_CXX_LANGUAGE_STANDARD = "gnu++0x";
				CLANG_CXX_LIBRARY = "libc++";
				CLANG_ENABLE_MODULES = YES;
				CLANG_ENABLE_OBJC_ARC = YES;
				CLANG_WARN_BOOL_CONVERSION = YES;
				CLANG_WARN_CONSTANT_CONVERSION = YES;
				CLANG_WARN_DIRECT_OBJC_ISA_USAGE = YES_ERROR;
				CLANG_WARN_EMPTY_BODY = YES;
				CLANG_WARN_ENUM_CONVERSION = YES;
				CLANG_WARN_INT_CONVERSION = YES;
				CLANG_WARN_OBJC_ROOT_CLASS = YES_ERROR;
				CLANG_WARN__DUPLICATE_METHOD_MATCH = YES;
				"CODE_SIGN_IDENTITY[sdk=iphoneos*]" = "iPhone Developer";
				COPY_PHASE_STRIP = YES;
				ENABLE_NS_ASSERTIONS = NO;
				GCC_C_LANGUAGE_STANDARD = gnu99;
				GCC_WARN_64_TO_32_BIT_CONVERSION = YES;
				GCC_WARN_ABOUT_RETURN_TYPE = YES_ERROR;
				GCC_WARN_UNDECLARED_SELECTOR = YES;
				GCC_WARN_UNINITIALIZED_AUTOS = YES_AGGRESSIVE;
				GCC_WARN_UNUSED_FUNCTION = YES;
				GCC_WARN_UNUSED_VARIABLE = YES;
				IPHONEOS_DEPLOYMENT_TARGET = 7.1;
				SDKROOT = iphoneos;
				VALIDATE_PRODUCT = YES;
			};
			name = Release;
		};
		A7A491A718BB7D5D00871460 /* Debug */ = {
			isa = XCBuildConfiguration;
			buildSettings = {
				ASSETCATALOG_COMPILER_APPICON_NAME = AppIcon;
				ASSETCATALOG_COMPILER_LAUNCHIMAGE_NAME = LaunchImage;
				GCC_PRECOMPILE_PREFIX_HEADER = YES;
				GCC_PREFIX_HEADER = "WD1/WD1-Prefix.pch";
				INFOPLIST_FILE = "WD1/WD1-Info.plist";
				PRODUCT_NAME = "$(TARGET_NAME)";
				WRAPPER_EXTENSION = app;
			};
			name = Debug;
		};
		A7A491A818BB7D5D00871460 /* Release */ = {
			isa = XCBuildConfiguration;
			buildSettings = {
				ASSETCATALOG_COMPILER_APPICON_NAME = AppIcon;
				ASSETCATALOG_COMPILER_LAUNCHIMAGE_NAME = LaunchImage;
				GCC_PRECOMPILE_PREFIX_HEADER = YES;
				GCC_PREFIX_HEADER = "WD1/WD1-Prefix.pch";
				INFOPLIST_FILE = "WD1/WD1-Info.plist";
				PRODUCT_NAME = "$(TARGET_NAME)";
				WRAPPER_EXTENSION = app;
			};
			name = Release;
		};
		A7A491AA18BB7D5D00871460 /* Debug */ = {
			isa = XCBuildConfiguration;
			buildSettings = {
				BUNDLE_LOADER = "$(BUILT_PRODUCTS_DIR)/WD1.app/WD1";
				FRAMEWORK_SEARCH_PATHS = (
					"$(SDKROOT)/Developer/Library/Frameworks",
					"$(inherited)",
					"$(DEVELOPER_FRAMEWORKS_DIR)",
				);
				GCC_PRECOMPILE_PREFIX_HEADER = YES;
				GCC_PREFIX_HEADER = "WD1/WD1-Prefix.pch";
				GCC_PREPROCESSOR_DEFINITIONS = (
					"DEBUG=1",
					"$(inherited)",
				);
				INFOPLIST_FILE = "WD1Tests/WD1Tests-Info.plist";
				PRODUCT_NAME = "$(TARGET_NAME)";
				TEST_HOST = "$(BUNDLE_LOADER)";
				WRAPPER_EXTENSION = xctest;
			};
			name = Debug;
		};
		A7A491AB18BB7D5D00871460 /* Release */ = {
			isa = XCBuildConfiguration;
			buildSettings = {
				BUNDLE_LOADER = "$(BUILT_PRODUCTS_DIR)/WD1.app/WD1";
				FRAMEWORK_SEARCH_PATHS = (
					"$(SDKROOT)/Developer/Library/Frameworks",
					"$(inherited)",
					"$(DEVELOPER_FRAMEWORKS_DIR)",
				);
				GCC_PRECOMPILE_PREFIX_HEADER = YES;
				GCC_PREFIX_HEADER = "WD1/WD1-Prefix.pch";
				INFOPLIST_FILE = "WD1Tests/WD1Tests-Info.plist";
				PRODUCT_NAME = "$(TARGET_NAME)";
				TEST_HOST = "$(BUNDLE_LOADER)";
				WRAPPER_EXTENSION = xctest;
			};
			name = Release;
		};
/* End XCBuildConfiguration section */

/* Begin XCConfigurationList section */
		A7A4916C18BB7D5D00871460 /* Build configuration list for PBXProject "WD1" */ = {
			isa = XCConfigurationList;
			buildConfigurations = (
				A7A491A418BB7D5D00871460 /* Debug */,
				A7A491A518BB7D5D00871460 /* Release */,
			);
			defaultConfigurationIsVisible = 0;
			defaultConfigurationName = Release;
		};
		A7A491A618BB7D5D00871460 /* Build configuration list for PBXNativeTarget "WD1" */ = {
			isa = XCConfigurationList;
			buildConfigurations = (
				A7A491A718BB7D5D00871460 /* Debug */,
				A7A491A818BB7D5D00871460 /* Release */,
			);
			defaultConfigurationIsVisible = 0;
		};
		A7A491A918BB7D5D00871460 /* Build configuration list for PBXNativeTarget "WD1Tests" */ = {
			isa = XCConfigurationList;
			buildConfigurations = (
				A7A491AA18BB7D5D00871460 /* Debug */,
				A7A491AB18BB7D5D00871460 /* Release */,
			);
			defaultConfigurationIsVisible = 0;
		};
/* End XCConfigurationList section */
	};
	rootObject = A7A4916918BB7D5D00871460 /* Project object */;
}
